
Microsoft Visual Studio Solution File, Format Version 12.00
# Visual Studio Version 17
VisualStudioVersion = 17.2.32630.192
MinimumVisualStudioVersion = 10.0.40219.1
Project("{9A19103F-16F7-4668-BE54-9A1E7A4F7556}") = "EzIdentity", "EzIdentity\EzIdentity.csproj", "{3B749357-8C86-4FB0-8B71-E270C27269DE}"
EndProject
Project("{9A19103F-16F7-4668-BE54-9A1E7A4F7556}") = "EzCommon", "EzCommon\EzCommon.csproj", "{A178939A-80FF-4BBF-B110-EE994DF0D63A}"
EndProject
Project("{2150E333-8FDC-42A3-9474-1A3956D46DE8}") = "Solution Items", "Solution Items", "{34B99604-704E-4788-8EC4-9882E5AEEDC6}"
	ProjectSection(SolutionItems) = preProject
		.editorconfig = .editorconfig
	EndProjectSection
EndProject
Project("{9A19103F-16F7-4668-BE54-9A1E7A4F7556}") = "EzGym", "EzGym\EzGym.csproj", "{8FF42551-1C20-49A4-8574-0D6F1C6C2A96}"
EndProject
Project("{9A19103F-16F7-4668-BE54-9A1E7A4F7556}") = "EzPayment", "EzPayment\EzPayment.csproj", "{4AAF1C83-C4CA-48AC-A9D5-22C95FB99A70}"
EndProject
Global
	GlobalSection(SolutionConfigurationPlatforms) = preSolution
		Debug|Any CPU = Debug|Any CPU
		Debug|x64 = Debug|x64
		Debug|x86 = Debug|x86
		Release|Any CPU = Release|Any CPU
		Release|x64 = Release|x64
		Release|x86 = Release|x86
	EndGlobalSection
	GlobalSection(ProjectConfigurationPlatforms) = postSolution
		{3B749357-8C86-4FB0-8B71-E270C27269DE}.Debug|Any CPU.ActiveCfg = Debug|Any CPU
		{3B749357-8C86-4FB0-8B71-E270C27269DE}.Debug|Any CPU.Build.0 = Debug|Any CPU
		{3B749357-8C86-4FB0-8B71-E270C27269DE}.Debug|x64.ActiveCfg = Debug|Any CPU
		{3B749357-8C86-4FB0-8B71-E270C27269DE}.Debug|x64.Build.0 = Debug|Any CPU
		{3B749357-8C86-4FB0-8B71-E270C27269DE}.Debug|x86.ActiveCfg = Debug|Any CPU
		{3B749357-8C86-4FB0-8B71-E270C27269DE}.Debug|x86.Build.0 = Debug|Any CPU
		{3B749357-8C86-4FB0-8B71-E270C27269DE}.Release|Any CPU.ActiveCfg = Release|Any CPU
		{3B749357-8C86-4FB0-8B71-E270C27269DE}.Release|Any CPU.Build.0 = Release|Any CPU
		{3B749357-8C86-4FB0-8B71-E270C27269DE}.Release|x64.ActiveCfg = Release|Any CPU
		{3B749357-8C86-4FB0-8B71-E270C27269DE}.Release|x64.Build.0 = Release|Any CPU
		{3B749357-8C86-4FB0-8B71-E270C27269DE}.Release|x86.ActiveCfg = Release|Any CPU
		{3B749357-8C86-4FB0-8B71-E270C27269DE}.Release|x86.Build.0 = Release|Any CPU
		{A178939A-80FF-4BBF-B110-EE994DF0D63A}.Debug|Any CPU.ActiveCfg = Debug|Any CPU
		{A178939A-80FF-4BBF-B110-EE994DF0D63A}.Debug|Any CPU.Build.0 = Debug|Any CPU
		{A178939A-80FF-4BBF-B110-EE994DF0D63A}.Debug|x64.ActiveCfg = Debug|Any CPU
		{A178939A-80FF-4BBF-B110-EE994DF0D63A}.Debug|x64.Build.0 = Debug|Any CPU
		{A178939A-80FF-4BBF-B110-EE994DF0D63A}.Debug|x86.ActiveCfg = Debug|Any CPU
		{A178939A-80FF-4BBF-B110-EE994DF0D63A}.Debug|x86.Build.0 = Debug|Any CPU
		{A178939A-80FF-4BBF-B110-EE994DF0D63A}.Release|Any CPU.ActiveCfg = Release|Any CPU
		{A178939A-80FF-4BBF-B110-EE994DF0D63A}.Release|Any CPU.Build.0 = Release|Any CPU
		{A178939A-80FF-4BBF-B110-EE994DF0D63A}.Release|x64.ActiveCfg = Release|Any CPU
		{A178939A-80FF-4BBF-B110-EE994DF0D63A}.Release|x64.Build.0 = Release|Any CPU
		{A178939A-80FF-4BBF-B110-EE994DF0D63A}.Release|x86.ActiveCfg = Release|Any CPU
		{A178939A-80FF-4BBF-B110-EE994DF0D63A}.Release|x86.Build.0 = Release|Any CPU
		{8FF42551-1C20-49A4-8574-0D6F1C6C2A96}.Debug|Any CPU.ActiveCfg = Debug|Any CPU
		{8FF42551-1C20-49A4-8574-0D6F1C6C2A96}.Debug|Any CPU.Build.0 = Debug|Any CPU
		{8FF42551-1C20-49A4-8574-0D6F1C6C2A96}.Debug|x64.ActiveCfg = Debug|Any CPU
		{8FF42551-1C20-49A4-8574-0D6F1C6C2A96}.Debug|x64.Build.0 = Debug|Any CPU
		{8FF42551-1C20-49A4-8574-0D6F1C6C2A96}.Debug|x86.ActiveCfg = Debug|Any CPU
		{8FF42551-1C20-49A4-8574-0D6F1C6C2A96}.Debug|x86.Build.0 = Debug|Any CPU
		{8FF42551-1C20-49A4-8574-0D6F1C6C2A96}.Release|Any CPU.ActiveCfg = Release|Any CPU
		{8FF42551-1C20-49A4-8574-0D6F1C6C2A96}.Release|Any CPU.Build.0 = Release|Any CPU
		{8FF42551-1C20-49A4-8574-0D6F1C6C2A96}.Release|x64.ActiveCfg = Release|Any CPU
		{8FF42551-1C20-49A4-8574-0D6F1C6C2A96}.Release|x64.Build.0 = Release|Any CPU
		{8FF42551-1C20-49A4-8574-0D6F1C6C2A96}.Release|x86.ActiveCfg = Release|Any CPU
		{8FF42551-1C20-49A4-8574-0D6F1C6C2A96}.Release|x86.Build.0 = Release|Any CPU
		{4AAF1C83-C4CA-48AC-A9D5-22C95FB99A70}.Debug|Any CPU.ActiveCfg = Debug|Any CPU
		{4AAF1C83-C4CA-48AC-A9D5-22C95FB99A70}.Debug|Any CPU.Build.0 = Debug|Any CPU
		{4AAF1C83-C4CA-48AC-A9D5-22C95FB99A70}.Debug|x64.ActiveCfg = Debug|Any CPU
		{4AAF1C83-C4CA-48AC-A9D5-22C95FB99A70}.Debug|x64.Build.0 = Debug|Any CPU
		{4AAF1C83-C4CA-48AC-A9D5-22C95FB99A70}.Debug|x86.ActiveCfg = Debug|Any CPU
		{4AAF1C83-C4CA-48AC-A9D5-22C95FB99A70}.Debug|x86.Build.0 = Debug|Any CPU
		{4AAF1C83-C4CA-48AC-A9D5-22C95FB99A70}.Release|Any CPU.ActiveCfg = Release|Any CPU
		{4AAF1C83-C4CA-48AC-A9D5-22C95FB99A70}.Release|Any CPU.Build.0 = Release|Any CPU
		{4AAF1C83-C4CA-48AC-A9D5-22C95FB99A70}.Release|x64.ActiveCfg = Release|Any CPU
		{4AAF1C83-C4CA-48AC-A9D5-22C95FB99A70}.Release|x64.Build.0 = Release|Any CPU
		{4AAF1C83-C4CA-48AC-A9D5-22C95FB99A70}.Release|x86.ActiveCfg = Release|Any CPU
		{4AAF1C83-C4CA-48AC-A9D5-22C95FB99A70}.Release|x86.Build.0 = Release|Any CPU
	EndGlobalSection
	GlobalSection(SolutionProperties) = preSolution
		HideSolutionNode = FALSE
	EndGlobalSection
	GlobalSection(ExtensibilityGlobals) = postSolution
		SolutionGuid = {EA3736B5-50F1-4934-8328-C7A4A5359D9A}
	EndGlobalSection
EndGlobal
